Microsoft Visual Studio Solution File, Format Version 11.00
# Visual Studio 2008

Project("{BEC8EDB7-E329-9A66-084F-4AE56CC32B0C}") = "HYPE", "Assembly-CSharp-firstpass-vs.csproj", "{F6249D98-AF8E-17B6-016D-384B49C5C702}"
EndProject
Project("{BEC8EDB7-E329-9A66-084F-4AE56CC32B0C}") = "HYPE", "Assembly-CSharp-vs.csproj", "{59BD6A56-FEC6-FE60-AF37-E61AD588D76F}"
EndProject
Project("{BEC8EDB7-E329-9A66-084F-4AE56CC32B0C}") = "HYPE", "Assembly-CSharp-Editor-firstpass-vs.csproj", "{7ECD27A7-F715-0861-2885-AB2CA54A4DF0}"
EndProject
Project("{BEC8EDB7-E329-9A66-084F-4AE56CC32B0C}") = "HYPE", "Assembly-CSharp-Editor-vs.csproj", "{3A312D43-7FAA-7328-8D2F-B0A077F871D3}"
EndProject
Global
	GlobalSection(SolutionConfigurationPlatforms) = preSolution
		Debug|Any CPU = Debug|Any CPU
		Release|Any CPU = Release|Any CPU
	EndGlobalSection
	GlobalSection(ProjectConfigurationPlatforms) = postSolution
		{F6249D98-AF8E-17B6-016D-384B49C5C702}.Debug|Any CPU.ActiveCfg = Debug|Any CPU
		{F6249D98-AF8E-17B6-016D-384B49C5C702}.Debug|Any CPU.Build.0 = Debug|Any CPU
		{F6249D98-AF8E-17B6-016D-384B49C5C702}.Release|Any CPU.ActiveCfg = Release|Any CPU
		{F6249D98-AF8E-17B6-016D-384B49C5C702}.Release|Any CPU.Build.0 = Release|Any CPU
		{59BD6A56-FEC6-FE60-AF37-E61AD588D76F}.Debug|Any CPU.ActiveCfg = Debug|Any CPU
		{59BD6A56-FEC6-FE60-AF37-E61AD588D76F}.Debug|Any CPU.Build.0 = Debug|Any CPU
		{59BD6A56-FEC6-FE60-AF37-E61AD588D76F}.Release|Any CPU.ActiveCfg = Release|Any CPU
		{59BD6A56-FEC6-FE60-AF37-E61AD588D76F}.Release|Any CPU.Build.0 = Release|Any CPU
		{7ECD27A7-F715-0861-2885-AB2CA54A4DF0}.Debug|Any CPU.ActiveCfg = Debug|Any CPU
		{7ECD27A7-F715-0861-2885-AB2CA54A4DF0}.Debug|Any CPU.Build.0 = Debug|Any CPU
		{7ECD27A7-F715-0861-2885-AB2CA54A4DF0}.Release|Any CPU.ActiveCfg = Release|Any CPU
		{7ECD27A7-F715-0861-2885-AB2CA54A4DF0}.Release|Any CPU.Build.0 = Release|Any CPU
		{3A312D43-7FAA-7328-8D2F-B0A077F871D3}.Debug|Any CPU.ActiveCfg = Debug|Any CPU
		{3A312D43-7FAA-7328-8D2F-B0A077F871D3}.Debug|Any CPU.Build.0 = Debug|Any CPU
		{3A312D43-7FAA-7328-8D2F-B0A077F871D3}.Release|Any CPU.ActiveCfg = Release|Any CPU
		{3A312D43-7FAA-7328-8D2F-B0A077F871D3}.Release|Any CPU.Build.0 = Release|Any CPU
	EndGlobalSection
	GlobalSection(SolutionProperties) = preSolution
		HideSolutionNode = FALSE
	EndGlobalSection
																																												GlobalSection(MonoDevelopProperties) = preSolution
		StartupItem = Assembly-CSharp.csproj
		Policies = $0
		$0.TextStylePolicy = $1
		$1.inheritsSet = null
		$1.scope = text/x-csharp
		$0.CSharpFormattingPolicy = $2
		$2.inheritsSet = Mono
		$2.inheritsScope = text/x-csharp
		$2.scope = text/x-csharp
		$0.TextStylePolicy = $3
		$3.FileWidth = 120
		$3.TabWidth = 4
		$3.IndentWidth = 4
		$3.EolMarker = Unix
		$3.inheritsSet = Mono
		$3.inheritsScope = text/plain
		$3.scope = text/plain
	EndGlobalSection

EndGlobal
